
Microsoft Visual Studio Solution File, Format Version 11.00
# Visual Studio 2010
Project("{2150E333-8FDC-42A3-9474-1A3956D46DE8}") = "Ticker", "Ticker", "{1CCBE5C8-ABA7-4177-B1AB-895C164221E2}"
EndProject
Project("{FAE04EC0-301F-11D3-BF4B-00C04F79EFBC}") = "LibTicker", "LibTicker\LibTicker.csproj", "{BAD4419E-9609-430F-B62E-3468071B8644}"
EndProject
Project("{FAE04EC0-301F-11D3-BF4B-00C04F79EFBC}") = "TickerTests", "TickerTests\TickerTests.csproj", "{388FDA02-6307-4A5A-9922-F1CBC5C19E7E}"
EndProject
Project("{FAE04EC0-301F-11D3-BF4B-00C04F79EFBC}") = "LibTicker-zmq", "LibTicker-zmq\LibTicker-zmq.csproj", "{E480F156-244C-46F3-B369-0F2B4A29F8B4}"
EndProject
Project("{2150E333-8FDC-42A3-9474-1A3956D46DE8}") = "Kernel", "Kernel", "{F0EAF5E9-9F76-4C7B-82D9-4092BA812005}"
EndProject
Project("{2150E333-8FDC-42A3-9474-1A3956D46DE8}") = "EventStore", "EventStore", "{E22227E8-F857-44CF-9DF9-A6251C6BEF43}"
EndProject
Project("{FAE04EC0-301F-11D3-BF4B-00C04F79EFBC}") = "LibKernel", "LibKernel\LibKernel.csproj", "{FBDF24F4-D716-4C3F-8FCC-E4D6D6F02A65}"
EndProject
Project("{FAE04EC0-301F-11D3-BF4B-00C04F79EFBC}") = "LibKernel-zmq", "LibKernel-zmq\LibKernel-zmq.csproj", "{1DEB5A87-9900-406A-8452-8505C8CE7FFE}"
EndProject
Project("{FAE04EC0-301F-11D3-BF4B-00C04F79EFBC}") = "LibKernel-http", "LibKernel-http\LibKernel-http.csproj", "{3DF8EDD2-AB53-432E-84C1-ED6CABE90D25}"
EndProject
Project("{FAE04EC0-301F-11D3-BF4B-00C04F79EFBC}") = "KernelTests", "KernelTests\KernelTests.csproj", "{C701E73C-6D05-4D5F-A005-26097E5F99E1}"
EndProject
Project("{FAE04EC0-301F-11D3-BF4B-00C04F79EFBC}") = "rocNet.Kernel", "rocNet.Kernel\rocNet.Kernel.csproj", "{9A57E26D-369C-4EF7-8B1E-7F2D5F86D8A8}"
EndProject
Project("{FAE04EC0-301F-11D3-BF4B-00C04F79EFBC}") = "rni", "rni\rni.csproj", "{7F593475-23BD-40DC-A57A-6101D89E7344}"
EndProject
Project("{FAE04EC0-301F-11D3-BF4B-00C04F79EFBC}") = "kernel", "kernel\kernel.csproj", "{C37FFEC6-FBCD-4201-8C17-0944FA161507}"
EndProject
Project("{FAE04EC0-301F-11D3-BF4B-00C04F79EFBC}") = "LibKernel-memcache", "LibKernel-memcache\LibKernel-memcache.csproj", "{7C5DEF0D-6F96-4291-BB69-F2E9A0DAF85B}"
EndProject
Project("{2150E333-8FDC-42A3-9474-1A3956D46DE8}") = "kernel-demo", "kernel-demo", "{80777EB0-7A7B-4A4C-A399-D161BF0AF1AB}"
EndProject
Project("{FAE04EC0-301F-11D3-BF4B-00C04F79EFBC}") = "kernelstressfib", "kernelstressfib\kernelstressfib.csproj", "{75B2A81E-FB9B-4378-A6B5-F93DBCC24584}"
EndProject
Project("{2150E333-8FDC-42A3-9474-1A3956D46DE8}") = "Solution Items", "Solution Items", "{3DB3EC4D-6B30-4C85-AF7C-F3790C864C38}"
	ProjectSection(SolutionItems) = preProject
		rakefile = rakefile
		version.txt = version.txt
	EndProjectSection
EndProject
Global
	GlobalSection(SolutionConfigurationPlatforms) = preSolution
		Debug|Any CPU = Debug|Any CPU
		Debug|Mixed Platforms = Debug|Mixed Platforms
		Debug|x86 = Debug|x86
		Release|Any CPU = Release|Any CPU
		Release|Mixed Platforms = Release|Mixed Platforms
		Release|x86 = Release|x86
	EndGlobalSection
	GlobalSection(ProjectConfigurationPlatforms) = postSolution
		{BAD4419E-9609-430F-B62E-3468071B8644}.Debug|Any CPU.ActiveCfg = Debug|Any CPU
		{BAD4419E-9609-430F-B62E-3468071B8644}.Debug|Any CPU.Build.0 = Debug|Any CPU
		{BAD4419E-9609-430F-B62E-3468071B8644}.Debug|Mixed Platforms.ActiveCfg = Debug|Any CPU
		{BAD4419E-9609-430F-B62E-3468071B8644}.Debug|Mixed Platforms.Build.0 = Debug|Any CPU
		{BAD4419E-9609-430F-B62E-3468071B8644}.Debug|x86.ActiveCfg = Debug|Any CPU
		{BAD4419E-9609-430F-B62E-3468071B8644}.Release|Any CPU.ActiveCfg = Release|Any CPU
		{BAD4419E-9609-430F-B62E-3468071B8644}.Release|Any CPU.Build.0 = Release|Any CPU
		{BAD4419E-9609-430F-B62E-3468071B8644}.Release|Mixed Platforms.ActiveCfg = Release|Any CPU
		{BAD4419E-9609-430F-B62E-3468071B8644}.Release|Mixed Platforms.Build.0 = Release|Any CPU
		{BAD4419E-9609-430F-B62E-3468071B8644}.Release|x86.ActiveCfg = Release|Any CPU
		{388FDA02-6307-4A5A-9922-F1CBC5C19E7E}.Debug|Any CPU.ActiveCfg = Debug|Any CPU
		{388FDA02-6307-4A5A-9922-F1CBC5C19E7E}.Debug|Any CPU.Build.0 = Debug|Any CPU
		{388FDA02-6307-4A5A-9922-F1CBC5C19E7E}.Debug|Mixed Platforms.ActiveCfg = Debug|Any CPU
		{388FDA02-6307-4A5A-9922-F1CBC5C19E7E}.Debug|Mixed Platforms.Build.0 = Debug|Any CPU
		{388FDA02-6307-4A5A-9922-F1CBC5C19E7E}.Debug|x86.ActiveCfg = Debug|Any CPU
		{388FDA02-6307-4A5A-9922-F1CBC5C19E7E}.Release|Any CPU.ActiveCfg = Release|Any CPU
		{388FDA02-6307-4A5A-9922-F1CBC5C19E7E}.Release|Any CPU.Build.0 = Release|Any CPU
		{388FDA02-6307-4A5A-9922-F1CBC5C19E7E}.Release|Mixed Platforms.ActiveCfg = Release|Any CPU
		{388FDA02-6307-4A5A-9922-F1CBC5C19E7E}.Release|Mixed Platforms.Build.0 = Release|Any CPU
		{388FDA02-6307-4A5A-9922-F1CBC5C19E7E}.Release|x86.ActiveCfg = Release|Any CPU
		{E480F156-244C-46F3-B369-0F2B4A29F8B4}.Debug|Any CPU.ActiveCfg = Debug|Any CPU
		{E480F156-244C-46F3-B369-0F2B4A29F8B4}.Debug|Any CPU.Build.0 = Debug|Any CPU
		{E480F156-244C-46F3-B369-0F2B4A29F8B4}.Debug|Mixed Platforms.ActiveCfg = Debug|Any CPU
		{E480F156-244C-46F3-B369-0F2B4A29F8B4}.Debug|Mixed Platforms.Build.0 = Debug|Any CPU
		{E480F156-244C-46F3-B369-0F2B4A29F8B4}.Debug|x86.ActiveCfg = Debug|Any CPU
		{E480F156-244C-46F3-B369-0F2B4A29F8B4}.Release|Any CPU.ActiveCfg = Release|Any CPU
		{E480F156-244C-46F3-B369-0F2B4A29F8B4}.Release|Any CPU.Build.0 = Release|Any CPU
		{E480F156-244C-46F3-B369-0F2B4A29F8B4}.Release|Mixed Platforms.ActiveCfg = Release|Any CPU
		{E480F156-244C-46F3-B369-0F2B4A29F8B4}.Release|Mixed Platforms.Build.0 = Release|Any CPU
		{E480F156-244C-46F3-B369-0F2B4A29F8B4}.Release|x86.ActiveCfg = Release|Any CPU
		{FBDF24F4-D716-4C3F-8FCC-E4D6D6F02A65}.Debug|Any CPU.ActiveCfg = Debug|Any CPU
		{FBDF24F4-D716-4C3F-8FCC-E4D6D6F02A65}.Debug|Any CPU.Build.0 = Debug|Any CPU
		{FBDF24F4-D716-4C3F-8FCC-E4D6D6F02A65}.Debug|Mixed Platforms.ActiveCfg = Debug|Any CPU
		{FBDF24F4-D716-4C3F-8FCC-E4D6D6F02A65}.Debug|Mixed Platforms.Build.0 = Debug|Any CPU
		{FBDF24F4-D716-4C3F-8FCC-E4D6D6F02A65}.Debug|x86.ActiveCfg = Debug|Any CPU
		{FBDF24F4-D716-4C3F-8FCC-E4D6D6F02A65}.Release|Any CPU.ActiveCfg = Release|Any CPU
		{FBDF24F4-D716-4C3F-8FCC-E4D6D6F02A65}.Release|Any CPU.Build.0 = Release|Any CPU
		{FBDF24F4-D716-4C3F-8FCC-E4D6D6F02A65}.Release|Mixed Platforms.ActiveCfg = Release|Any CPU
		{FBDF24F4-D716-4C3F-8FCC-E4D6D6F02A65}.Release|Mixed Platforms.Build.0 = Release|Any CPU
		{FBDF24F4-D716-4C3F-8FCC-E4D6D6F02A65}.Release|x86.ActiveCfg = Release|Any CPU
		{1DEB5A87-9900-406A-8452-8505C8CE7FFE}.Debug|Any CPU.ActiveCfg = Debug|Any CPU
		{1DEB5A87-9900-406A-8452-8505C8CE7FFE}.Debug|Any CPU.Build.0 = Debug|Any CPU
		{1DEB5A87-9900-406A-8452-8505C8CE7FFE}.Debug|Mixed Platforms.ActiveCfg = Debug|Any CPU
		{1DEB5A87-9900-406A-8452-8505C8CE7FFE}.Debug|Mixed Platforms.Build.0 = Debug|Any CPU
		{1DEB5A87-9900-406A-8452-8505C8CE7FFE}.Debug|x86.ActiveCfg = Debug|Any CPU
		{1DEB5A87-9900-406A-8452-8505C8CE7FFE}.Release|Any CPU.ActiveCfg = Release|Any CPU
		{1DEB5A87-9900-406A-8452-8505C8CE7FFE}.Release|Any CPU.Build.0 = Release|Any CPU
		{1DEB5A87-9900-406A-8452-8505C8CE7FFE}.Release|Mixed Platforms.ActiveCfg = Release|Any CPU
		{1DEB5A87-9900-406A-8452-8505C8CE7FFE}.Release|Mixed Platforms.Build.0 = Release|Any CPU
		{1DEB5A87-9900-406A-8452-8505C8CE7FFE}.Release|x86.ActiveCfg = Release|Any CPU
		{3DF8EDD2-AB53-432E-84C1-ED6CABE90D25}.Debug|Any CPU.ActiveCfg = Debug|Any CPU
		{3DF8EDD2-AB53-432E-84C1-ED6CABE90D25}.Debug|Any CPU.Build.0 = Debug|Any CPU
		{3DF8EDD2-AB53-432E-84C1-ED6CABE90D25}.Debug|Mixed Platforms.ActiveCfg = Debug|Any CPU
		{3DF8EDD2-AB53-432E-84C1-ED6CABE90D25}.Debug|Mixed Platforms.Build.0 = Debug|Any CPU
		{3DF8EDD2-AB53-432E-84C1-ED6CABE90D25}.Debug|x86.ActiveCfg = Debug|Any CPU
		{3DF8EDD2-AB53-432E-84C1-ED6CABE90D25}.Release|Any CPU.ActiveCfg = Release|Any CPU
		{3DF8EDD2-AB53-432E-84C1-ED6CABE90D25}.Release|Any CPU.Build.0 = Release|Any CPU
		{3DF8EDD2-AB53-432E-84C1-ED6CABE90D25}.Release|Mixed Platforms.ActiveCfg = Release|Any CPU
		{3DF8EDD2-AB53-432E-84C1-ED6CABE90D25}.Release|Mixed Platforms.Build.0 = Release|Any CPU
		{3DF8EDD2-AB53-432E-84C1-ED6CABE90D25}.Release|x86.ActiveCfg = Release|Any CPU
		{C701E73C-6D05-4D5F-A005-26097E5F99E1}.Debug|Any CPU.ActiveCfg = Debug|Any CPU
		{C701E73C-6D05-4D5F-A005-26097E5F99E1}.Debug|Any CPU.Build.0 = Debug|Any CPU
		{C701E73C-6D05-4D5F-A005-26097E5F99E1}.Debug|Mixed Platforms.ActiveCfg = Debug|Any CPU
		{C701E73C-6D05-4D5F-A005-26097E5F99E1}.Debug|Mixed Platforms.Build.0 = Debug|Any CPU
		{C701E73C-6D05-4D5F-A005-26097E5F99E1}.Debug|x86.ActiveCfg = Debug|Any CPU
		{C701E73C-6D05-4D5F-A005-26097E5F99E1}.Release|Any CPU.ActiveCfg = Release|Any CPU
		{C701E73C-6D05-4D5F-A005-26097E5F99E1}.Release|Any CPU.Build.0 = Release|Any CPU
		{C701E73C-6D05-4D5F-A005-26097E5F99E1}.Release|Mixed Platforms.ActiveCfg = Release|Any CPU
		{C701E73C-6D05-4D5F-A005-26097E5F99E1}.Release|Mixed Platforms.Build.0 = Release|Any CPU
		{C701E73C-6D05-4D5F-A005-26097E5F99E1}.Release|x86.ActiveCfg = Release|Any CPU
		{9A57E26D-369C-4EF7-8B1E-7F2D5F86D8A8}.Debug|Any CPU.ActiveCfg = Debug|Any CPU
		{9A57E26D-369C-4EF7-8B1E-7F2D5F86D8A8}.Debug|Any CPU.Build.0 = Debug|Any CPU
		{9A57E26D-369C-4EF7-8B1E-7F2D5F86D8A8}.Debug|Mixed Platforms.ActiveCfg = Debug|Any CPU
		{9A57E26D-369C-4EF7-8B1E-7F2D5F86D8A8}.Debug|Mixed Platforms.Build.0 = Debug|Any CPU
		{9A57E26D-369C-4EF7-8B1E-7F2D5F86D8A8}.Debug|x86.ActiveCfg = Debug|Any CPU
		{9A57E26D-369C-4EF7-8B1E-7F2D5F86D8A8}.Release|Any CPU.ActiveCfg = Release|Any CPU
		{9A57E26D-369C-4EF7-8B1E-7F2D5F86D8A8}.Release|Any CPU.Build.0 = Release|Any CPU
		{9A57E26D-369C-4EF7-8B1E-7F2D5F86D8A8}.Release|Mixed Platforms.ActiveCfg = Release|Any CPU
		{9A57E26D-369C-4EF7-8B1E-7F2D5F86D8A8}.Release|Mixed Platforms.Build.0 = Release|Any CPU
		{9A57E26D-369C-4EF7-8B1E-7F2D5F86D8A8}.Release|x86.ActiveCfg = Release|Any CPU
		{7F593475-23BD-40DC-A57A-6101D89E7344}.Debug|Any CPU.ActiveCfg = Debug|x86
		{7F593475-23BD-40DC-A57A-6101D89E7344}.Debug|Mixed Platforms.ActiveCfg = Debug|x86
		{7F593475-23BD-40DC-A57A-6101D89E7344}.Debug|Mixed Platforms.Build.0 = Debug|x86
		{7F593475-23BD-40DC-A57A-6101D89E7344}.Debug|x86.ActiveCfg = Debug|x86
		{7F593475-23BD-40DC-A57A-6101D89E7344}.Debug|x86.Build.0 = Debug|x86
		{7F593475-23BD-40DC-A57A-6101D89E7344}.Release|Any CPU.ActiveCfg = Release|x86
		{7F593475-23BD-40DC-A57A-6101D89E7344}.Release|Mixed Platforms.ActiveCfg = Release|x86
		{7F593475-23BD-40DC-A57A-6101D89E7344}.Release|Mixed Platforms.Build.0 = Release|x86
		{7F593475-23BD-40DC-A57A-6101D89E7344}.Release|x86.ActiveCfg = Release|x86
		{7F593475-23BD-40DC-A57A-6101D89E7344}.Release|x86.Build.0 = Release|x86
		{C37FFEC6-FBCD-4201-8C17-0944FA161507}.Debug|Any CPU.ActiveCfg = Debug|x86
		{C37FFEC6-FBCD-4201-8C17-0944FA161507}.Debug|Mixed Platforms.ActiveCfg = Debug|x86
		{C37FFEC6-FBCD-4201-8C17-0944FA161507}.Debug|Mixed Platforms.Build.0 = Debug|x86
		{C37FFEC6-FBCD-4201-8C17-0944FA161507}.Debug|x86.ActiveCfg = Debug|x86
		{C37FFEC6-FBCD-4201-8C17-0944FA161507}.Debug|x86.Build.0 = Debug|x86
		{C37FFEC6-FBCD-4201-8C17-0944FA161507}.Release|Any CPU.ActiveCfg = Release|x86
		{C37FFEC6-FBCD-4201-8C17-0944FA161507}.Release|Mixed Platforms.ActiveCfg = Release|x86
		{C37FFEC6-FBCD-4201-8C17-0944FA161507}.Release|Mixed Platforms.Build.0 = Release|x86
		{C37FFEC6-FBCD-4201-8C17-0944FA161507}.Release|x86.ActiveCfg = Release|x86
		{C37FFEC6-FBCD-4201-8C17-0944FA161507}.Release|x86.Build.0 = Release|x86
		{7C5DEF0D-6F96-4291-BB69-F2E9A0DAF85B}.Debug|Any CPU.ActiveCfg = Debug|Any CPU
		{7C5DEF0D-6F96-4291-BB69-F2E9A0DAF85B}.Debug|Any CPU.Build.0 = Debug|Any CPU
		{7C5DEF0D-6F96-4291-BB69-F2E9A0DAF85B}.Debug|Mixed Platforms.ActiveCfg = Debug|Any CPU
		{7C5DEF0D-6F96-4291-BB69-F2E9A0DAF85B}.Debug|Mixed Platforms.Build.0 = Debug|Any CPU
		{7C5DEF0D-6F96-4291-BB69-F2E9A0DAF85B}.Debug|x86.ActiveCfg = Debug|Any CPU
		{7C5DEF0D-6F96-4291-BB69-F2E9A0DAF85B}.Release|Any CPU.ActiveCfg = Release|Any CPU
		{7C5DEF0D-6F96-4291-BB69-F2E9A0DAF85B}.Release|Any CPU.Build.0 = Release|Any CPU
		{7C5DEF0D-6F96-4291-BB69-F2E9A0DAF85B}.Release|Mixed Platforms.ActiveCfg = Release|Any CPU
		{7C5DEF0D-6F96-4291-BB69-F2E9A0DAF85B}.Release|Mixed Platforms.Build.0 = Release|Any CPU
		{7C5DEF0D-6F96-4291-BB69-F2E9A0DAF85B}.Release|x86.ActiveCfg = Release|Any CPU
		{75B2A81E-FB9B-4378-A6B5-F93DBCC24584}.Debug|Any CPU.ActiveCfg = Debug|x86
		{75B2A81E-FB9B-4378-A6B5-F93DBCC24584}.Debug|Mixed Platforms.ActiveCfg = Debug|x86
		{75B2A81E-FB9B-4378-A6B5-F93DBCC24584}.Debug|Mixed Platforms.Build.0 = Debug|x86
		{75B2A81E-FB9B-4378-A6B5-F93DBCC24584}.Debug|x86.ActiveCfg = Debug|x86
		{75B2A81E-FB9B-4378-A6B5-F93DBCC24584}.Debug|x86.Build.0 = Debug|x86
		{75B2A81E-FB9B-4378-A6B5-F93DBCC24584}.Release|Any CPU.ActiveCfg = Release|x86
		{75B2A81E-FB9B-4378-A6B5-F93DBCC24584}.Release|Mixed Platforms.ActiveCfg = Release|x86
		{75B2A81E-FB9B-4378-A6B5-F93DBCC24584}.Release|Mixed Platforms.Build.0 = Release|x86
		{75B2A81E-FB9B-4378-A6B5-F93DBCC24584}.Release|x86.ActiveCfg = Release|x86
		{75B2A81E-FB9B-4378-A6B5-F93DBCC24584}.Release|x86.Build.0 = Release|x86
	EndGlobalSection
	GlobalSection(SolutionProperties) = preSolution
		HideSolutionNode = FALSE
	EndGlobalSection
	GlobalSection(NestedProjects) = preSolution
		{BAD4419E-9609-430F-B62E-3468071B8644} = {1CCBE5C8-ABA7-4177-B1AB-895C164221E2}
		{388FDA02-6307-4A5A-9922-F1CBC5C19E7E} = {1CCBE5C8-ABA7-4177-B1AB-895C164221E2}
		{E480F156-244C-46F3-B369-0F2B4A29F8B4} = {1CCBE5C8-ABA7-4177-B1AB-895C164221E2}
		{FBDF24F4-D716-4C3F-8FCC-E4D6D6F02A65} = {F0EAF5E9-9F76-4C7B-82D9-4092BA812005}
		{1DEB5A87-9900-406A-8452-8505C8CE7FFE} = {F0EAF5E9-9F76-4C7B-82D9-4092BA812005}
		{3DF8EDD2-AB53-432E-84C1-ED6CABE90D25} = {F0EAF5E9-9F76-4C7B-82D9-4092BA812005}
		{C701E73C-6D05-4D5F-A005-26097E5F99E1} = {F0EAF5E9-9F76-4C7B-82D9-4092BA812005}
		{9A57E26D-369C-4EF7-8B1E-7F2D5F86D8A8} = {F0EAF5E9-9F76-4C7B-82D9-4092BA812005}
		{7C5DEF0D-6F96-4291-BB69-F2E9A0DAF85B} = {F0EAF5E9-9F76-4C7B-82D9-4092BA812005}
		{C37FFEC6-FBCD-4201-8C17-0944FA161507} = {80777EB0-7A7B-4A4C-A399-D161BF0AF1AB}
		{7F593475-23BD-40DC-A57A-6101D89E7344} = {80777EB0-7A7B-4A4C-A399-D161BF0AF1AB}
		{75B2A81E-FB9B-4378-A6B5-F93DBCC24584} = {80777EB0-7A7B-4A4C-A399-D161BF0AF1AB}
	EndGlobalSection
EndGlobal
